
Microsoft Visual Studio Solution File, Format Version 11.00
# Visual Studio 2010
Project("{FAE04EC0-301F-11D3-BF4B-00C04F79EFBC}") = "ChatClient", "ChatClient\ChatClient.csproj", "{D8403BBD-55CA-4D3F-9CA8-CCEE733FFDD0}"
EndProject
Global
	GlobalSection(SolutionConfigurationPlatforms) = preSolution
		Debug|x86 = Debug|x86
		Release|x86 = Release|x86
	EndGlobalSection
	GlobalSection(ProjectConfigurationPlatforms) = postSolution
		{D8403BBD-55CA-4D3F-9CA8-CCEE733FFDD0}.Debug|x86.ActiveCfg = Debug|x86
		{D8403BBD-55CA-4D3F-9CA8-CCEE733FFDD0}.Debug|x86.Build.0 = Debug|x86
		{D8403BBD-55CA-4D3F-9CA8-CCEE733FFDD0}.Release|x86.ActiveCfg = Release|x86
		{D8403BBD-55CA-4D3F-9CA8-CCEE733FFDD0}.Release|x86.Build.0 = Release|x86
	EndGlobalSection
	GlobalSection(MonoDevelopProperties) = preSolution
		StartupItem = ChatClient\ChatClient.csproj
	EndGlobalSection
EndGlobal
